
Microsoft Visual Studio Solution File, Format Version 12.00
# Visual Studio Version 16
VisualStudioVersion = 16.0.30717.126
MinimumVisualStudioVersion = 10.0.40219.1
Project("{FAE04EC0-301F-11D3-BF4B-00C04F79EFBC}") = "Auth.API", "Auth.API\Auth.API.csproj", "{A0421642-A611-4F2A-9EA4-A801A1C6E0AB}"
EndProject
Global
	GlobalSection(SolutionConfigurationPlatforms) = preSolution
		Debug|Any CPU = Debug|Any CPU
		Release|Any CPU = Release|Any CPU
	EndGlobalSection
	GlobalSection(ProjectConfigurationPlatforms) = postSolution
		{A0421642-A611-4F2A-9EA4-A801A1C6E0AB}.Debug|Any CPU.ActiveCfg = Debug|Any CPU
		{A0421642-A611-4F2A-9EA4-A801A1C6E0AB}.Debug|Any CPU.Build.0 = Debug|Any CPU
		{A0421642-A611-4F2A-9EA4-A801A1C6E0AB}.Release|Any CPU.ActiveCfg = Release|Any CPU
		{A0421642-A611-4F2A-9EA4-A801A1C6E0AB}.Release|Any CPU.Build.0 = Release|Any CPU
	EndGlobalSection
	GlobalSection(SolutionProperties) = preSolution
		HideSolutionNode = FALSE
	EndGlobalSection
	GlobalSection(ExtensibilityGlobals) = postSolution
		SolutionGuid = {40DAC25B-97B2-43A0-B0BD-F18B0322BC2C}
	EndGlobalSection
EndGlobal
